dependencies:
- name: aws-appmesh-inject
  repository: file://../aws-appmesh-inject
  version: 0.1.3
- name: aws-appmesh-controller
  repository: file://../aws-appmesh-controller
  version: 0.1.0
- name: aws-appmesh-prometheus
  repository: file://../aws-appmesh-prometheus
  version: 0.1.0
- name: aws-appmesh-grafana
  repository: file://../aws-appmesh-grafana
  version: 0.1.0
digest: sha256:a0aae03ffc365a70de0547100e59cec2af220cb60c3e3cbffe88f9cda7e0c065
generated: "2019-06-16T15:55:59.042324+07:00"
